
Microsoft Visual Studio Solution File, Format Version 12.00
# Visual Studio Version 16
VisualStudioVersion = 16.0.810.25
MinimumVisualStudioVersion = 10.0.40219.1
Project("{FAE04EC0-301F-11D3-BF4B-00C04F79EFBC}") = "BBCWebsite", "BBCWebsite\BBCWebsite.csproj", "{500F69E5-3646-4CFD-BA26-057B74EBB10F}"
EndProject
Global
	GlobalSection(SolutionConfigurationPlatforms) = preSolution
		Debug|Any CPU = Debug|Any CPU
		Release|Any CPU = Release|Any CPU
	EndGlobalSection
	GlobalSection(ProjectConfigurationPlatforms) = postSolution
		{500F69E5-3646-4CFD-BA26-057B74EBB10F}.Debug|Any CPU.ActiveCfg = Debug|Any CPU
		{500F69E5-3646-4CFD-BA26-057B74EBB10F}.Debug|Any CPU.Build.0 = Debug|Any CPU
		{500F69E5-3646-4CFD-BA26-057B74EBB10F}.Release|Any CPU.ActiveCfg = Release|Any CPU
		{500F69E5-3646-4CFD-BA26-057B74EBB10F}.Release|Any CPU.Build.0 = Release|Any CPU
	EndGlobalSection
	GlobalSection(SolutionProperties) = preSolution
		HideSolutionNode = FALSE
	EndGlobalSection
	GlobalSection(ExtensibilityGlobals) = postSolution
		SolutionGuid = {9D86FA2A-5B95-47B4-A398-8FF603A326D8}
	EndGlobalSection
EndGlobal
